{
  "name": "cant-print-the-proof",
  "version": "1.0.0",
  "lockfileVersion": 3,
  "requires": true,
  "packages": {
    "": {
      "name": "cant-print-the-proof",
      "version": "1.0.0",
      "license": "MIT",
      "devDependencies": {
        "@fontsource/cormorant-garamond": "^5.3.0",
        "@fontsource/figtree": "^5.3.0",
        "@fontsource/jetbrains-mono": "^5.3.0",
        "@fontsource/playfair-display": "^5.3.0",
        "playwright": "^1.63.0",
        "three": "^0.186.1"
      }
    },
    "node_modules/@fontsource/cormorant-garamond": {
      "version": "5.3.0",
      "resolved": "https://registry.npmjs.org/@fontsource/cormorant-garamond/-/cormorant-garamond-5.3.0.tgz",
      "integrity": "sha512-weuGsCirGVWBWqpt6YUp0yLThTe4G8YO45noq8wxeJCRvEpq5lFrxNMFSTxcyOyV5k5otzJ8guDzYegdYlcLMQ==",
      "dev": true,
      "license": "OFL-1.1",
      "funding": {
        "url": "https://github.com/sponsors/ayuhito"
      }
    },
    "node_modules/@fontsource/figtree": {
      "version": "5.3.0",
      "resolved": "https://registry.npmjs.org/@fontsource/figtree/-/figtree-5.3.0.tgz",
      "integrity": "sha512-/iTcTXL1eRBGhvD7NN9dnKzXzWqDLVZVEUFI9xIxAC1G/hXU8tCyYeXCAuPOuvSYPInFUP7H6KLGgygmDfy1SA==",
      "dev": true,
      "license": "OFL-1.1",
      "funding": {
        "url": "https://github.com/sponsors/ayuhito"
      }
    },
    "node_modules/@fontsource/jetbrains-mono": {
      "version": "5.3.0",
      "resolved": "https://registry.npmjs.org/@fontsource/jetbrains-mono/-/jetbrains-mono-5.3.0.tgz",
      "integrity": "sha512-fqDfB5I9f1p1TV486aUgB9t8zP84P0O1FtQR5Ol9vjwPy+S+EIGlVYm1cvj2W5shcZMTg2nZFdVMoH5wFu8a1A==",
      "dev": true,
      "license": "OFL-1.1",
      "funding": {
        "url": "https://github.com/sponsors/ayuhito"
      }
    },
    "node_modules/@fontsource/playfair-display": {
      "version": "5.3.0",
      "resolved": "https://registry.npmjs.org/@fontsource/playfair-display/-/playfair-display-5.3.0.tgz",
      "integrity": "sha512-uJSABalvdWc10fEPppQjQocamT21LEyRfzzWfRfqbkPz+sRv+kKpYDKyluBUskvJREkJTos9epj1WjQROGu99Q==",
      "dev": true,
      "license": "OFL-1.1",
      "funding": {
        "url": "https://github.com/sponsors/ayuhito"
      }
    },
    "node_modules/playwright": {
      "version": "1.63.0",
      "resolved": "https://registry.npmjs.org/playwright/-/playwright-1.63.0.tgz",
      "integrity": "sha512-+7ziBLidS4NaNCdt57SUDT+wYmmd5fmiQejUic/kb+YsYSCPyOOE9sebzMjNmQrsnNpDJqd4WHvV/8lfKfUDUg==",
      "dev": true,
      "license": "Apache-2.0",
      "dependencies": {
        "playwright-core": "1.63.0"
      },
      "bin": {
        "playwright": "cli.js"
      },
      "engines": {
        "node": ">=20"
      }
    },
    "node_modules/playwright-core": {
      "version": "1.63.0",
      "resolved": "https://registry.npmjs.org/playwright-core/-/playwright-core-1.63.0.tgz",
      "integrity": "sha512-rYCsBF/M5HjUch52bbtVONEFjv6Xu8sm8h72dNlR5bzIE1fvC/bxgspzkjSfU+MweEMmPM8KJebG6nnyxo5mCg==",
      "dev": true,
      "license": "Apache-2.0",
      "bin": {
        "playwright-core": "cli.js"
      },
      "engines": {
        "node": ">=20"
      }
    },
    "node_modules/three": {
      "version": "0.186.1",
      "resolved": "https://registry.npmjs.org/three/-/three-0.186.1.tgz",
      "integrity": "sha512-blFeqb49wRCSGUGj7gtpfnSGHy2lwDk94RhUmS1c/hTby70kvChbWpkJ4Pm1390LqzzvTmzgXKHPEafJwCb8jA==",
      "dev": true,
      "license": "MIT"
    }
  }
}
